{
  "name": "window-sw",
  "version": "0.0.2",
  "lockfileVersion": 1,
  "requires": true,
  "dependencies": {
    "event-loop-native": {
      "version": "0.0.11",
      "resolved": "https://registry.npmjs.org/event-loop-native/-/event-loop-native-0.0.11.tgz",
      "integrity": "sha512-Ik/ctbsLC49DL3rSRfikEgT/yQkrApU0vyYeT+3dI9HZMkh4bj5JuaeMhTDzTCKWu6p04FRcyKtJ8wwhn0INEg=="
    },
    "mime": {
      "version": "2.4.0",
      "resolved": "https://registry.npmjs.org/mime/-/mime-2.4.0.tgz",
      "integrity": "sha512-ikBcWwyqXQSHKtciCcctu9YfPbFYZ4+gbHEmE0Q8jzcTYQg5dHCr3g2wwAZjPoJfQVXZq6KXAjpXOTf5/cjT7w=="
    },
    "nan": {
      "version": "2.13.2",
      "resolved": "https://registry.npmjs.org/nan/-/nan-2.13.2.tgz",
      "integrity": "sha512-TghvYc72wlMGMVMluVo9WRJc0mB8KxxF/gZ4YYFy7V2ZQX9l7rgbPg7vjS9mt6U5HXODVFVI2bOduCzwOMv/lw=="
    },
    "window-fetch": {
      "version": "0.0.10",
      "resolved": "https://registry.npmjs.org/window-fetch/-/window-fetch-0.0.10.tgz",
      "integrity": "sha512-HUb+0Mo/JIuK838eJvdMfU2r4lYv/wDbVsSwUQdvYRv5DOHWnzxGkqwHwkydJdVxu9mMW1DMI+6MJ1LzuCo7qA==",
      "requires": {
        "mime": "^2.3.1"
      }
    },
    "worker-native": {
      "version": "0.0.33",
      "resolved": "https://registry.npmjs.org/worker-native/-/worker-native-0.0.33.tgz",
      "integrity": "sha512-SnXZF53qCg0nQjwANHg2WTYxXg0RmSGNSJLEDvUgXSMmB1aAIXFHIENceJBye7OvIGjEOyjz7pGstYRpBGqQJg==",
      "requires": {
        "event-loop-native": "0.0.11",
        "nan": "^2.10.0"
      }
    }
  }
}
